
Microsoft Visual Studio Solution File, Format Version 12.00
# Visual Studio Version 17
VisualStudioVersion = 17.9.34723.18
MinimumVisualStudioVersion = 10.0.40219.1
Project("{9A19103F-16F7-4668-BE54-9A1E7A4F7556}") = "sts-net", "sts-net.csproj", "{9F05F264-377B-4A37-A806-8D0AF30351E7}"
EndProject
Global
	GlobalSection(SolutionConfigurationPlatforms) = preSolution
		Debug|Any CPU = Debug|Any CPU
		Release|Any CPU = Release|Any CPU
	EndGlobalSection
	GlobalSection(ProjectConfigurationPlatforms) = postSolution
		{9F05F264-377B-4A37-A806-8D0AF30351E7}.Debug|Any CPU.ActiveCfg = Debug|Any CPU
		{9F05F264-377B-4A37-A806-8D0AF30351E7}.Debug|Any CPU.Build.0 = Debug|Any CPU
		{9F05F264-377B-4A37-A806-8D0AF30351E7}.Release|Any CPU.ActiveCfg = Release|Any CPU
		{9F05F264-377B-4A37-A806-8D0AF30351E7}.Release|Any CPU.Build.0 = Release|Any CPU
	EndGlobalSection
	GlobalSection(SolutionProperties) = preSolution
		HideSolutionNode = FALSE
	EndGlobalSection
	GlobalSection(ExtensibilityGlobals) = postSolution
		SolutionGuid = {65C76831-FCEC-4FD5-B1C6-046AEA281B71}
	EndGlobalSection
EndGlobal
